
Microsoft Visual Studio Solution File, Format Version 12.00
# Visual Studio Version 16
VisualStudioVersion = 16.0.29215.179
MinimumVisualStudioVersion = 10.0.40219.1
Project("{FAE04EC0-301F-11D3-BF4B-00C04F79EFBC}") = "TICKStack.Monitoring.QuickStart", "TICKStack.Monitoring.QuickStart\TICKStack.Monitoring.QuickStart.csproj", "{DFB28430-AFBA-42C5-85D9-11C51194B83E}"
EndProject
Global
	GlobalSection(SolutionConfigurationPlatforms) = preSolution
		Debug|Any CPU = Debug|Any CPU
		Release|Any CPU = Release|Any CPU
	EndGlobalSection
	GlobalSection(ProjectConfigurationPlatforms) = postSolution
		{DFB28430-AFBA-42C5-85D9-11C51194B83E}.Debug|Any CPU.ActiveCfg = Debug|Any CPU
		{DFB28430-AFBA-42C5-85D9-11C51194B83E}.Debug|Any CPU.Build.0 = Debug|Any CPU
		{DFB28430-AFBA-42C5-85D9-11C51194B83E}.Release|Any CPU.ActiveCfg = Release|Any CPU
		{DFB28430-AFBA-42C5-85D9-11C51194B83E}.Release|Any CPU.Build.0 = Release|Any CPU
	EndGlobalSection
	GlobalSection(SolutionProperties) = preSolution
		HideSolutionNode = FALSE
	EndGlobalSection
	GlobalSection(ExtensibilityGlobals) = postSolution
		SolutionGuid = {4CE5F700-BB6B-4552-A0F6-4180C7B09671}
	EndGlobalSection
EndGlobal
